
Microsoft Visual Studio Solution File, Format Version 12.00
# Visual Studio Version 16
VisualStudioVersion = 16.0.31515.178
MinimumVisualStudioVersion = 10.0.40219.1
Project("{FAE04EC0-301F-11D3-BF4B-00C04F79EFBC}") = "Persona", "Persona\Persona.csproj", "{D7E699F8-CB59-41DD-A082-838BAEB4C3D5}"
EndProject
Global
	GlobalSection(SolutionConfigurationPlatforms) = preSolution
		Debug|Any CPU = Debug|Any CPU
		Release|Any CPU = Release|Any CPU
	EndGlobalSection
	GlobalSection(ProjectConfigurationPlatforms) = postSolution
		{D7E699F8-CB59-41DD-A082-838BAEB4C3D5}.Debug|Any CPU.ActiveCfg = Debug|Any CPU
		{D7E699F8-CB59-41DD-A082-838BAEB4C3D5}.Debug|Any CPU.Build.0 = Debug|Any CPU
		{D7E699F8-CB59-41DD-A082-838BAEB4C3D5}.Release|Any CPU.ActiveCfg = Release|Any CPU
		{D7E699F8-CB59-41DD-A082-838BAEB4C3D5}.Release|Any CPU.Build.0 = Release|Any CPU
	EndGlobalSection
	GlobalSection(SolutionProperties) = preSolution
		HideSolutionNode = FALSE
	EndGlobalSection
	GlobalSection(ExtensibilityGlobals) = postSolution
		SolutionGuid = {2896598C-0C82-4619-8416-B9CC3F775CC3}
	EndGlobalSection
EndGlobal
